// !$*UTF8*$!
{
	archiveVersion = 1;
	classes = {
	};
	objectVersion = 77;
	objects = {

/* Begin PBXContainerItemProxy section */
		BC12FEF22ED3A97700396CA8 /* PBXContainerItemProxy */ = {
			isa = PBXContainerItemProxy;
			containerPortal = BC12FEDA2ED3A97400396CA8 /* Project object */;
			proxyType = 1;
			remoteGlobalIDString = BC12FEE12ED3A97400396CA8;
			remoteInfo = MindSift;
		};
		BC12FEFC2ED3A97700396CA8 /* PBXContainerItemProxy */ = {
			isa = PBXContainerItemProxy;
			containerPortal = BC12FEDA2ED3A97400396CA8 /* Project object */;
			proxyType = 1;
			remoteGlobalIDString = BC12FEE12ED3A97400396CA8;
			remoteInfo = MindSift;
		};
/* End PBXContainerItemProxy section */

/* Begin PBXFileReference section */
		BC12FEE22ED3A97400396CA8 /* MindSift.app */ = {isa = PBXFileReference; explicitFileType = wrapper.application; includeInIndex = 0; path = MindSift.app; sourceTree = BUILT_PRODUCTS_DIR; };
		BC12FEF12ED3A97700396CA8 /* MindSiftTests.xctest */ = {isa = PBXFileReference; explicitFileType = wrapper.cfbundle; includeInIndex = 0; path = MindSiftTests.xctest; sourceTree = BUILT_PRODUCTS_DIR; };
		BC12FEFB2ED3A97700396CA8 /* MindSiftUITests.xctest */ = {isa = PBXFileReference; explicitFileType = wrapper.cfbundle; includeInIndex = 0; path = MindSiftUITests.xctest; sourceTree = BUILT_PRODUCTS_DIR; };
/* End PBXFileReference section */

/* Begin PBXFileSystemSynchronizedRootGroup section */
		BC12FEE42ED3A97400396CA8 /* MindSift */ = {
			isa = PBXFileSystemSynchronizedRootGroup;
			path = MindSift;
			sourceTree = "<group>";
		};
		BC12FEF42ED3A97700396CA8 /* MindSiftTests */ = {
			isa = PBXFileSystemSynchronizedRootGroup;
			path = MindSiftTests;
			sourceTree = "<group>";
		};
		BC12FEFE2ED3A97700396CA8 /* MindSiftUITests */ = {
			isa = PBXFileSystemSynchronizedRootGroup;
			path = MindSiftUITests;
			sourceTree = "<group>";
		};
/* End PBXFileSystemSynchronizedRootGroup section */

/* Begin PBXFrameworksBuildPhase section */
		BC12FEDF2ED3A97400396CA8 /* Frameworks */ = {
			isa = PBXFrameworksBuildPhase;
			buildActionMask = 2147483647;
			files = (
			);
			runOnlyForDeploymentPostprocessing = 0;
		};
		BC12FEEE2ED3A97700396CA8 /* Frameworks */ = {
			isa = PBXFrameworksBuildPhase;
			buildActionMask = 2147483647;
			files = (
			);
			runOnlyForDeploymentPostprocessing = 0;
		};
		BC12FEF82ED3A97700396CA8 /* Frameworks */ = {
			isa = PBXFrameworksBuildPhase;
			buildActionMask = 2147483647;
			files = (
			);
			runOnlyForDeploymentPostprocessing = 0;
		};
/* End PBXFrameworksBuildPhase section */

/* Begin PBXGroup section */
		BC12FED92ED3A97400396CA8 = {
			isa = PBXGroup;
			children = (
				BC12FEE42ED3A97400396CA8 /* MindSift */,
				BC12FEF42ED3A97700396CA8 /* MindSiftTests */,
				BC12FEFE2ED3A97700396CA8 /* MindSiftUITests */,
				BC12FEE32ED3A97400396CA8 /* Products */,
			);
			sourceTree = "<group>";
		};
		BC12FEE32ED3A97400396CA8 /* Products */ = {
			isa = PBXGroup;
			children = (
				BC12FEE22ED3A97400396CA8 /* MindSift.app */,
				BC12FEF12ED3A97700396CA8 /* MindSiftTests.xctest */,
				BC12FEFB2ED3A97700396CA8 /* MindSiftUITests.xctest */,
			);
			name = Products;
			sourceTree = "<group>";
		};
/* End PBXGroup section */

/* Begin PBXNativeTarget section */
		BC12FEE12ED3A97400396CA8 /* MindSift */ = {
			isa = PBXNativeTarget;
			buildConfigurationList = BC12FF052ED3A97700396CA8 /* Build configuration list for PBXNativeTarget "MindSift" */;
			buildPhases = (
				BC12FEDE2ED3A97400396CA8 /* Sources */,
				BC12FEDF2ED3A97400396CA8 /* Frameworks */,
				BC12FEE02ED3A97400396CA8 /* Resources */,
			);
			buildRules = (
			);
			dependencies = (
			);
			fileSystemSynchronizedGroups = (
				BC12FEE42ED3A97400396CA8 /* MindSift */,
			);
			name = MindSift;
			packageProductDependencies = (
			);
			productName = MindSift;
			productReference = BC12FEE22ED3A97400396CA8 /* MindSift.app */;
			productType = "com.apple.product-type.application";
		};
		BC12FEF02ED3A97700396CA8 /* MindSiftTests */ = {
			isa = PBXNativeTarget;
			buildConfigurationList = BC12FF082ED3A97700396CA8 /* Build configuration list for PBXNativeTarget "MindSiftTests" */;
			buildPhases = (
				BC12FEED2ED3A97700396CA8 /* Sources */,
				BC12FEEE2ED3A97700396CA8 /* Frameworks */,
				BC12FEEF2ED3A97700396CA8 /* Resources */,
			);
			buildRules = (
			);
			dependencies = (
				BC12FEF32ED3A97700396CA8 /* PBXTargetDependency */,
			);
			fileSystemSynchronizedGroups = (
				BC12FEF42ED3A97700396CA8 /* MindSiftTests */,
			);
			name = MindSiftTests;
			packageProductDependencies = (
			);
			productName = MindSiftTests;
			productReference = BC12FEF12ED3A97700396CA8 /* MindSiftTests.xctest */;
			productType = "com.apple.product-type.bundle.unit-test";
		};
		BC12FEFA2ED3A97700396CA8 /* MindSiftUITests */ = {
			isa = PBXNativeTarget;
			buildConfigurationList = BC12FF0B2ED3A97700396CA8 /* Build configuration list for PBXNativeTarget "MindSiftUITests" */;
			buildPhases = (
				BC12FEF72ED3A97700396CA8 /* Sources */,
				BC12FEF82ED3A97700396CA8 /* Frameworks */,
				BC12FEF92ED3A97700396CA8 /* Resources */,
			);
			buildRules = (
			);
			dependencies = (
				BC12FEFD2ED3A97700396CA8 /* PBXTargetDependency */,
			);
			fileSystemSynchronizedGroups = (
				BC12FEFE2ED3A97700396CA8 /* MindSiftUITests */,
			);
			name = MindSiftUITests;
			packageProductDependencies = (
			);
			productName = MindSiftUITests;
			productReference = BC12FEFB2ED3A97700396CA8 /* MindSiftUITests.xctest */;
			productType = "com.apple.product-type.bundle.ui-testing";
		};
/* End PBXNativeTarget section */

/* Begin PBXProject section */
		BC12FEDA2ED3A97400396CA8 /* Project object */ = {
			isa = PBXProject;
			attributes = {
				BuildIndependentTargetsInParallel = 1;
				LastSwiftUpdateCheck = 2610;
				LastUpgradeCheck = 2610;
				TargetAttributes = {
					BC12FEE12ED3A97400396CA8 = {
						CreatedOnToolsVersion = 26.1.1;
					};
					BC12FEF02ED3A97700396CA8 = {
						CreatedOnToolsVersion = 26.1.1;
						TestTargetID = BC12FEE12ED3A97400396CA8;
					};
					BC12FEFA2ED3A97700396CA8 = {
						CreatedOnToolsVersion = 26.1.1;
						TestTargetID = BC12FEE12ED3A97400396CA8;
					};
				};
			};
			buildConfigurationList = BC12FEDD2ED3A97400396CA8 /* Build configuration list for PBXProject "MindSift" */;
			developmentRegion = en;
			hasScannedForEncodings = 0;
			knownRegions = (
				en,
				Base,
			);
			mainGroup = BC12FED92ED3A97400396CA8;
			minimizedProjectReferenceProxies = 1;
			preferredProjectObjectVersion = 77;
			productRefGroup = BC12FEE32ED3A97400396CA8 /* Products */;
			projectDirPath = "";
			projectRoot = "";
			targets = (
				BC12FEE12ED3A97400396CA8 /* MindSift */,
				BC12FEF02ED3A97700396CA8 /* MindSiftTests */,
				BC12FEFA2ED3A97700396CA8 /* MindSiftUITests */,
			);
		};
/* End PBXProject section */

/* Begin PBXResourcesBuildPhase section */
		BC12FEE02ED3A97400396CA8 /* Resources */ = {
			isa = PBXResourcesBuildPhase;
			buildActionMask = 2147483647;
			files = (
			);
			runOnlyForDeploymentPostprocessing = 0;
		};
		BC12FEEF2ED3A97700396CA8 /* Resources */ = {
			isa = PBXResourcesBuildPhase;
			buildActionMask = 2147483647;
			files = (
			);
			runOnlyForDeploymentPostprocessing = 0;
		};
		BC12FEF92ED3A97700396CA8 /* Resources */ = {
			isa = PBXResourcesBuildPhase;
			buildActionMask = 2147483647;
			files = (
			);
			runOnlyForDeploymentPostprocessing = 0;
		};
/* End PBXResourcesBuildPhase section */

/* Begin PBXSourcesBuildPhase section */
		BC12FEDE2ED3A97400396CA8 /* Sources */ = {
			isa = PBXSourcesBuildPhase;
			buildActionMask = 2147483647;
			files = (
			);
			runOnlyForDeploymentPostprocessing = 0;
		};
		BC12FEED2ED3A97700396CA8 /* Sources */ = {
			isa = PBXSourcesBuildPhase;
			buildActionMask = 2147483647;
			files = (
			);
			runOnlyForDeploymentPostprocessing = 0;
		};
		BC12FEF72ED3A97700396CA8 /* Sources */ = {
			isa = PBXSourcesBuildPhase;
			buildActionMask = 2147483647;
			files = (
			);
			runOnlyForDeploymentPostprocessing = 0;
		};
/* End PBXSourcesBuildPhase section */

/* Begin PBXTargetDependency section */
		BC12FEF32ED3A97700396CA8 /* PBXTargetDependency */ = {
			isa = PBXTargetDependency;
			target = BC12FEE12ED3A97400396CA8 /* MindSift */;
			targetProxy = BC12FEF22ED3A97700396CA8 /* PBXContainerItemProxy */;
		};
		BC12FEFD2ED3A97700396CA8 /* PBXTargetDependency */ = {
			isa = PBXTargetDependency;
			target = BC12FEE12ED3A97400396CA8 /* MindSift */;
			targetProxy = BC12FEFC2ED3A97700396CA8 /* PBXContainerItemProxy */;
		};
/* End PBXTargetDependency section */

/* Begin XCBuildConfiguration section */
		BC12FF032ED3A97700396CA8 /* Debug */ = {
			isa = XCBuildConfiguration;
			buildSettings = {
				ALWAYS_SEARCH_USER_PATHS = NO;
				ASSETCATALOG_COMPILER_GENERATE_SWIFT_ASSET_SYMBOL_EXTENSIONS = YES;
				CLANG_ANALYZER_NONNULL = YES;
				CLANG_ANALYZER_NUMBER_OBJECT_CONVERSION = YES_AGGRESSIVE;
				CLANG_CXX_LANGUAGE_STANDARD = "gnu++20";
				CLANG_ENABLE_MODULES = YES;
				CLANG_ENABLE_OBJC_ARC = YES;
				CLANG_ENABLE_OBJC_WEAK = YES;
				CLANG_WARN_BLOCK_CAPTURE_AUTORELEASING = YES;
				CLANG_WARN_BOOL_CONVERSION = YES;
				CLANG_WARN_COMMA = YES;
				CLANG_WARN_CONSTANT_CONVERSION = YES;
				CLANG_WARN_DEPRECATED_OBJC_IMPLEMENTATIONS = YES;
				CLANG_WARN_DIRECT_OBJC_ISA_USAGE = YES_ERROR;
				CLANG_WARN_DOCUMENTATION_COMMENTS = YES;
				CLANG_WARN_EMPTY_BODY = YES;
				CLANG_WARN_ENUM_CONVERSION = YES;
				CLANG_WARN_INFINITE_RECURSION = YES;
				CLANG_WARN_INT_CONVERSION = YES;
				CLANG_WARN_NON_LITERAL_NULL_CONVERSION = YES;
				CLANG_WARN_OBJC_IMPLICIT_RETAIN_SELF = YES;
				CLANG_WARN_OBJC_LITERAL_CONVERSION = YES;
				CLANG_WARN_OBJC_ROOT_CLASS = YES_ERROR;
				CLANG_WARN_QUOTED_INCLUDE_IN_FRAMEWORK_HEADER = YES;
				CLANG_WARN_RANGE_LOOP_ANALYSIS = YES;
				CLANG_WARN_STRICT_PROTOTYPES = YES;
				CLANG_WARN_SUSPICIOUS_MOVE = YES;
				CLANG_WARN_UNGUARDED_AVAILABILITY = YES_AGGRESSIVE;
				CLANG_WARN_UNREACHABLE_CODE = YES;
				CLANG_WARN__DUPLICATE_METHOD_MATCH = YES;
				COPY_PHASE_STRIP = NO;
				DEBUG_INFORMATION_FORMAT = dwarf;
				ENABLE_STRICT_OBJC_MSGSEND = YES;
				ENABLE_TESTABILITY = YES;
				ENABLE_USER_SCRIPT_SANDBOXING = YES;
				GCC_C_LANGUAGE_STANDARD = gnu17;
				GCC_DYNAMIC_NO_PIC = NO;
				GCC_NO_COMMON_BLOCKS = YES;
				GCC_OPTIMIZATION_LEVEL = 0;
				GCC_PREPROCESSOR_DEFINITIONS = (
					"DEBUG=1",
					"$(inherited)",
				);
				GCC_WARN_64_TO_32_BIT_CONVERSION = YES;
				GCC_WARN_ABOUT_RETURN_TYPE = YES_ERROR;
				GCC_WARN_UNDECLARED_SELECTOR = YES;
				GCC_WARN_UNINITIALIZED_AUTOS = YES_AGGRESSIVE;
				GCC_WARN_UNUSED_FUNCTION = YES;
				GCC_WARN_UNUSED_VARIABLE = YES;
				IPHONEOS_DEPLOYMENT_TARGET = 26.1;
				LOCALIZATION_PREFERS_STRING_CATALOGS = YES;
				MTL_ENABLE_DEBUG_INFO = INCLUDE_SOURCE;
				MTL_FAST_MATH = YES;
				ONLY_ACTIVE_ARCH = YES;
				SDKROOT = iphoneos;
				SWIFT_ACTIVE_COMPILATION_CONDITIONS = "DEBUG $(inherited)";
				SWIFT_OPTIMIZATION_LEVEL = "-Onone";
			};
			name = Debug;
		};
		BC12FF042ED3A97700396CA8 /* Release */ = {
			isa = XCBuildConfiguration;
			buildSettings = {
				ALWAYS_SEARCH_USER_PATHS = NO;
				ASSETCATALOG_COMPILER_GENERATE_SWIFT_ASSET_SYMBOL_EXTENSIONS = YES;
				CLANG_ANALYZER_NONNULL = YES;
				CLANG_ANALYZER_NUMBER_OBJECT_CONVERSION = YES_AGGRESSIVE;
				CLANG_CXX_LANGUAGE_STANDARD = "gnu++20";
				CLANG_ENABLE_MODULES = YES;
				CLANG_ENABLE_OBJC_ARC = YES;
				CLANG_ENABLE_OBJC_WEAK = YES;
				CLANG_WARN_BLOCK_CAPTURE_AUTORELEASING = YES;
				CLANG_WARN_BOOL_CONVERSION = YES;
				CLANG_WARN_COMMA = YES;
				CLANG_WARN_CONSTANT_CONVERSION = YES;
				CLANG_WARN_DEPRECATED_OBJC_IMPLEMENTATIONS = YES;
				CLANG_WARN_DIRECT_OBJC_ISA_USAGE = YES_ERROR;
				CLANG_WARN_DOCUMENTATION_COMMENTS = YES;
				CLANG_WARN_EMPTY_BODY = YES;
				CLANG_WARN_ENUM_CONVERSION = YES;
				CLANG_WARN_INFINITE_RECURSION = YES;
				CLANG_WARN_INT_CONVERSION = YES;
				CLANG_WARN_NON_LITERAL_NULL_CONVERSION = YES;
				CLANG_WARN_OBJC_IMPLICIT_RETAIN_SELF = YES;
				CLANG_WARN_OBJC_LITERAL_CONVERSION = YES;
				CLANG_WARN_OBJC_ROOT_CLASS = YES_ERROR;
				CLANG_WARN_QUOTED_INCLUDE_IN_FRAMEWORK_HEADER = YES;
				CLANG_WARN_RANGE_LOOP_ANALYSIS = YES;
				CLANG_WARN_STRICT_PROTOTYPES = YES;
				CLANG_WARN_SUSPICIOUS_MOVE = YES;
				CLANG_WARN_UNGUARDED_AVAILABILITY = YES_AGGRESSIVE;
				CLANG_WARN_UNREACHABLE_CODE = YES;
				CLANG_WARN__DUPLICATE_METHOD_MATCH = YES;
				COPY_PHASE_STRIP = NO;
				DEBUG_INFORMATION_FORMAT = "dwarf-with-dsym";
				ENABLE_NS_ASSERTIONS = NO;
				ENABLE_STRICT_OBJC_MSGSEND = YES;
				ENABLE_USER_SCRIPT_SANDBOXING = YES;
				GCC_C_LANGUAGE_STANDARD = gnu17;
				GCC_NO_COMMON_BLOCKS = YES;
				GCC_WARN_64_TO_32_BIT_CONVERSION = YES;
				GCC_WARN_ABOUT_RETURN_TYPE = YES_ERROR;
				GCC_WARN_UNDECLARED_SELECTOR = YES;
				GCC_WARN_UNINITIALIZED_AUTOS = YES_AGGRESSIVE;
				GCC_WARN_UNUSED_FUNCTION = YES;
				GCC_WARN_UNUSED_VARIABLE = YES;
				IPHONEOS_DEPLOYMENT_TARGET = 26.1;
				LOCALIZATION_PREFERS_STRING_CATALOGS = YES;
				MTL_ENABLE_DEBUG_INFO = NO;
				MTL_FAST_MATH = YES;
				SDKROOT = iphoneos;
				SWIFT_COMPILATION_MODE = wholemodule;
				VALIDATE_PRODUCT = YES;
			};
			name = Release;
		};
		BC12FF062ED3A97700396CA8 /* Debug */ = {
			isa = XCBuildConfiguration;
			buildSettings = {
				ASSETCATALOG_COMPILER_APPICON_NAME = AppIcon;
				ASSETCATALOG_COMPILER_GLOBAL_ACCENT_COLOR_NAME = AccentColor;
				CODE_SIGN_STYLE = Automatic;
				CURRENT_PROJECT_VERSION = 1;
				ENABLE_PREVIEWS = YES;
				GENERATE_INFOPLIST_FILE = YES;
				INFOPLIST_KEY_NSCalendarsFullAccessUsageDescription = "MindSift, toplantılarınızı ve görevlerinizi takviminize otomatik eklemek için erişim izni ister.";
				INFOPLIST_KEY_NSCalendarsUsageDescription = "MindSift, toplantılarınızı ve görevlerinizi takviminize otomatik eklemek için erişim izni ister.";
				INFOPLIST_KEY_NSMicrophoneUsageDescription = "MindSift, sesli notlarınızı alıp analiz edebilmek için mikrofonunuza erişmelidir.";
				INFOPLIST_KEY_NSSpeechRecognitionUsageDescription = "MindSift, kaydettiğiniz notları metne dönüştürmek için konuşma tanıma özelliğini kullanır.";
				INFOPLIST_KEY_UIApplicationSceneManifest_Generation = YES;
				INFOPLIST_KEY_UIApplicationSupportsIndirectInputEvents = YES;
				INFOPLIST_KEY_UILaunchScreen_Generation = YES;
				INFOPLIST_KEY_UISupportedInterfaceOrientations_iPad = "UIInterfaceOrientationPortrait UIInterfaceOrientationPortraitUpsideDown UIInterfaceOrientationLandscapeLeft UIInterfaceOrientationLandscapeRight";
				INFOPLIST_KEY_UISupportedInterfaceOrientations_iPhone = "UIInterfaceOrientationPortrait UIInterfaceOrientationLandscapeLeft UIInterfaceOrientationLandscapeRight";
				LD_RUNPATH_SEARCH_PATHS = (
					"$(inherited)",
					"@executable_path/Frameworks",
				);
				MARKETING_VERSION = 1.0;
				PRODUCT_BUNDLE_IDENTIFIER = com.devmustafatavasli.MindSift;
				PRODUCT_NAME = "$(TARGET_NAME)";
				STRING_CATALOG_GENERATE_SYMBOLS = YES;
				SWIFT_APPROACHABLE_CONCURRENCY = YES;
				SWIFT_DEFAULT_ACTOR_ISOLATION = MainActor;
				SWIFT_EMIT_LOC_STRINGS = YES;
				SWIFT_UPCOMING_FEATURE_MEMBER_IMPORT_VISIBILITY = YES;
				SWIFT_VERSION = 5.0;
				TARGETED_DEVICE_FAMILY = "1,2";
			};
			name = Debug;
		};
		BC12FF072ED3A97700396CA8 /* Release */ = {
			isa = XCBuildConfiguration;
			buildSettings = {
				ASSETCATALOG_COMPILER_APPICON_NAME = AppIcon;
				ASSETCATALOG_COMPILER_GLOBAL_ACCENT_COLOR_NAME = AccentColor;
				CODE_SIGN_STYLE = Automatic;
				CURRENT_PROJECT_VERSION = 1;
				ENABLE_PREVIEWS = YES;
				GENERATE_INFOPLIST_FILE = YES;
				INFOPLIST_KEY_NSCalendarsFullAccessUsageDescription = "MindSift, toplantılarınızı ve görevlerinizi takviminize otomatik eklemek için erişim izni ister.";
				INFOPLIST_KEY_NSCalendarsUsageDescription = "MindSift, toplantılarınızı ve görevlerinizi takviminize otomatik eklemek için erişim izni ister.";
				INFOPLIST_KEY_NSMicrophoneUsageDescription = "MindSift, sesli notlarınızı alıp analiz edebilmek için mikrofonunuza erişmelidir.";
				INFOPLIST_KEY_NSSpeechRecognitionUsageDescription = "MindSift, kaydettiğiniz notları metne dönüştürmek için konuşma tanıma özelliğini kullanır.";
				INFOPLIST_KEY_UIApplicationSceneManifest_Generation = YES;
				INFOPLIST_KEY_UIApplicationSupportsIndirectInputEvents = YES;
				INFOPLIST_KEY_UILaunchScreen_Generation = YES;
				INFOPLIST_KEY_UISupportedInterfaceOrientations_iPad = "UIInterfaceOrientationPortrait UIInterfaceOrientationPortraitUpsideDown UIInterfaceOrientationLandscapeLeft UIInterfaceOrientationLandscapeRight";
				INFOPLIST_KEY_UISupportedInterfaceOrientations_iPhone = "UIInterfaceOrientationPortrait UIInterfaceOrientationLandscapeLeft UIInterfaceOrientationLandscapeRight";
				LD_RUNPATH_SEARCH_PATHS = (
					"$(inherited)",
					"@executable_path/Frameworks",
				);
				MARKETING_VERSION = 1.0;
				PRODUCT_BUNDLE_IDENTIFIER = com.devmustafatavasli.MindSift;
				PRODUCT_NAME = "$(TARGET_NAME)";
				STRING_CATALOG_GENERATE_SYMBOLS = YES;
				SWIFT_APPROACHABLE_CONCURRENCY = YES;
				SWIFT_DEFAULT_ACTOR_ISOLATION = MainActor;
				SWIFT_EMIT_LOC_STRINGS = YES;
				SWIFT_UPCOMING_FEATURE_MEMBER_IMPORT_VISIBILITY = YES;
				SWIFT_VERSION = 5.0;
				TARGETED_DEVICE_FAMILY = "1,2";
			};
			name = Release;
		};
		BC12FF092ED3A97700396CA8 /* Debug */ = {
			isa = XCBuildConfiguration;
			buildSettings = {
				BUNDLE_LOADER = "$(TEST_HOST)";
				CODE_SIGN_STYLE = Automatic;
				CURRENT_PROJECT_VERSION = 1;
				GENERATE_INFOPLIST_FILE = YES;
				IPHONEOS_DEPLOYMENT_TARGET = 26.1;
				MARKETING_VERSION = 1.0;
				PRODUCT_BUNDLE_IDENTIFIER = com.devmustafatavasli.MindSiftTests;
				PRODUCT_NAME = "$(TARGET_NAME)";
				STRING_CATALOG_GENERATE_SYMBOLS = NO;
				SWIFT_APPROACHABLE_CONCURRENCY = YES;
				SWIFT_EMIT_LOC_STRINGS = NO;
				SWIFT_UPCOMING_FEATURE_MEMBER_IMPORT_VISIBILITY = YES;
				SWIFT_VERSION = 5.0;
				TARGETED_DEVICE_FAMILY = "1,2";
				TEST_HOST = "$(BUILT_PRODUCTS_DIR)/MindSift.app/$(BUNDLE_EXECUTABLE_FOLDER_PATH)/MindSift";
			};
			name = Debug;
		};
		BC12FF0A2ED3A97700396CA8 /* Release */ = {
			isa = XCBuildConfiguration;
			buildSettings = {
				BUNDLE_LOADER = "$(TEST_HOST)";
				CODE_SIGN_STYLE = Automatic;
				CURRENT_PROJECT_VERSION = 1;
				GENERATE_INFOPLIST_FILE = YES;
				IPHONEOS_DEPLOYMENT_TARGET = 26.1;
				MARKETING_VERSION = 1.0;
				PRODUCT_BUNDLE_IDENTIFIER = com.devmustafatavasli.MindSiftTests;
				PRODUCT_NAME = "$(TARGET_NAME)";
				STRING_CATALOG_GENERATE_SYMBOLS = NO;
				SWIFT_APPROACHABLE_CONCURRENCY = YES;
				SWIFT_EMIT_LOC_STRINGS = NO;
				SWIFT_UPCOMING_FEATURE_MEMBER_IMPORT_VISIBILITY = YES;
				SWIFT_VERSION = 5.0;
				TARGETED_DEVICE_FAMILY = "1,2";
				TEST_HOST = "$(BUILT_PRODUCTS_DIR)/MindSift.app/$(BUNDLE_EXECUTABLE_FOLDER_PATH)/MindSift";
			};
			name = Release;
		};
		BC12FF0C2ED3A97700396CA8 /* Debug */ = {
			isa = XCBuildConfiguration;
			buildSettings = {
				CODE_SIGN_STYLE = Automatic;
				CURRENT_PROJECT_VERSION = 1;
				GENERATE_INFOPLIST_FILE = YES;
				MARKETING_VERSION = 1.0;
				PRODUCT_BUNDLE_IDENTIFIER = com.devmustafatavasli.MindSiftUITests;
				PRODUCT_NAME = "$(TARGET_NAME)";
				STRING_CATALOG_GENERATE_SYMBOLS = NO;
				SWIFT_APPROACHABLE_CONCURRENCY = YES;
				SWIFT_EMIT_LOC_STRINGS = NO;
				SWIFT_UPCOMING_FEATURE_MEMBER_IMPORT_VISIBILITY = YES;
				SWIFT_VERSION = 5.0;
				TARGETED_DEVICE_FAMILY = "1,2";
				TEST_TARGET_NAME = MindSift;
			};
			name = Debug;
		};
		BC12FF0D2ED3A97700396CA8 /* Release */ = {
			isa = XCBuildConfiguration;
			buildSettings = {
				CODE_SIGN_STYLE = Automatic;
				CURRENT_PROJECT_VERSION = 1;
				GENERATE_INFOPLIST_FILE = YES;
				MARKETING_VERSION = 1.0;
				PRODUCT_BUNDLE_IDENTIFIER = com.devmustafatavasli.MindSiftUITests;
				PRODUCT_NAME = "$(TARGET_NAME)";
				STRING_CATALOG_GENERATE_SYMBOLS = NO;
				SWIFT_APPROACHABLE_CONCURRENCY = YES;
				SWIFT_EMIT_LOC_STRINGS = NO;
				SWIFT_UPCOMING_FEATURE_MEMBER_IMPORT_VISIBILITY = YES;
				SWIFT_VERSION = 5.0;
				TARGETED_DEVICE_FAMILY = "1,2";
				TEST_TARGET_NAME = MindSift;
			};
			name = Release;
		};
/* End XCBuildConfiguration section */

/* Begin XCConfigurationList section */
		BC12FEDD2ED3A97400396CA8 /* Build configuration list for PBXProject "MindSift" */ = {
			isa = XCConfigurationList;
			buildConfigurations = (
				BC12FF032ED3A97700396CA8 /* Debug */,
				BC12FF042ED3A97700396CA8 /* Release */,
			);
			defaultConfigurationIsVisible = 0;
			defaultConfigurationName = Release;
		};
		BC12FF052ED3A97700396CA8 /* Build configuration list for PBXNativeTarget "MindSift" */ = {
			isa = XCConfigurationList;
			buildConfigurations = (
				BC12FF062ED3A97700396CA8 /* Debug */,
				BC12FF072ED3A97700396CA8 /* Release */,
			);
			defaultConfigurationIsVisible = 0;
			defaultConfigurationName = Release;
		};
		BC12FF082ED3A97700396CA8 /* Build configuration list for PBXNativeTarget "MindSiftTests" */ = {
			isa = XCConfigurationList;
			buildConfigurations = (
				BC12FF092ED3A97700396CA8 /* Debug */,
				BC12FF0A2ED3A97700396CA8 /* Release */,
			);
			defaultConfigurationIsVisible = 0;
			defaultConfigurationName = Release;
		};
		BC12FF0B2ED3A97700396CA8 /* Build configuration list for PBXNativeTarget "MindSiftUITests" */ = {
			isa = XCConfigurationList;
			buildConfigurations = (
				BC12FF0C2ED3A97700396CA8 /* Debug */,
				BC12FF0D2ED3A97700396CA8 /* Release */,
			);
			defaultConfigurationIsVisible = 0;
			defaultConfigurationName = Release;
		};
/* End XCConfigurationList section */
	};
	rootObject = BC12FEDA2ED3A97400396CA8 /* Project object */;
}
